
Microsoft Visual Studio Solution File, Format Version 12.00
# Visual Studio Version 17
VisualStudioVersion = 17.1.32210.238
MinimumVisualStudioVersion = 10.0.40219.1
Project("{F184B08F-C81C-45F6-A57F-5ABD9991F28F}") = "AlbumRater", "AlbumRater.vbproj", "{E9A4D14F-9862-4644-9486-1A36C9519B7A}"
EndProject
Global
	GlobalSection(SolutionConfigurationPlatforms) = preSolution
		Debug|Any CPU = Debug|Any CPU
		Release|Any CPU = Release|Any CPU
	EndGlobalSection
	GlobalSection(ProjectConfigurationPlatforms) = postSolution
		{E9A4D14F-9862-4644-9486-1A36C9519B7A}.Debug|Any CPU.ActiveCfg = Debug|Any CPU
		{E9A4D14F-9862-4644-9486-1A36C9519B7A}.Debug|Any CPU.Build.0 = Debug|Any CPU
		{E9A4D14F-9862-4644-9486-1A36C9519B7A}.Release|Any CPU.ActiveCfg = Release|Any CPU
		{E9A4D14F-9862-4644-9486-1A36C9519B7A}.Release|Any CPU.Build.0 = Release|Any CPU
	EndGlobalSection
	GlobalSection(SolutionProperties) = preSolution
		HideSolutionNode = FALSE
	EndGlobalSection
	GlobalSection(ExtensibilityGlobals) = postSolution
		SolutionGuid = {979C76B8-9053-4F51-9559-0ABD1343ED8F}
	EndGlobalSection
EndGlobal
